
Microsoft Visual Studio Solution File, Format Version 12.00
Project("{FAE04EC0-301F-11D3-BF4B-00C04F79EFBC}") = "RekenTest.Common", "RekenTest.Common\RekenTest.Common.csproj", "{E05667D2-45D4-493B-8B7A-D34B73C51DB9}"
EndProject
Project("{FAE04EC0-301F-11D3-BF4B-00C04F79EFBC}") = "RekenTest.Common.Tests", "RekenTest.Common.Tests\RekenTest.Common.Tests.csproj", "{ABA2CC23-A310-4BD3-AFDC-6D4FE7E2EF41}"
EndProject
Project("{FAE04EC0-301F-11D3-BF4B-00C04F79EFBC}") = "RekenTest.HostCmdApp", "RekenTest.HostCmdApp\RekenTest.HostCmdApp.csproj", "{C6F08185-F6C2-406A-8102-17283001BC2B}"
EndProject
Project("{FAE04EC0-301F-11D3-BF4B-00C04F79EFBC}") = "RekenTest.Database", "RekenTest.Database\RekenTest.Database.csproj", "{E0AAD63F-6E62-452C-8110-F5CC72FB6842}"
EndProject
Global
	GlobalSection(SolutionConfigurationPlatforms) = preSolution
		Debug|Any CPU = Debug|Any CPU
		Release|Any CPU = Release|Any CPU
	EndGlobalSection
	GlobalSection(ProjectConfigurationPlatforms) = postSolution
		{E05667D2-45D4-493B-8B7A-D34B73C51DB9}.Debug|Any CPU.ActiveCfg = Debug|Any CPU
		{E05667D2-45D4-493B-8B7A-D34B73C51DB9}.Debug|Any CPU.Build.0 = Debug|Any CPU
		{E05667D2-45D4-493B-8B7A-D34B73C51DB9}.Release|Any CPU.ActiveCfg = Release|Any CPU
		{E05667D2-45D4-493B-8B7A-D34B73C51DB9}.Release|Any CPU.Build.0 = Release|Any CPU
		{ABA2CC23-A310-4BD3-AFDC-6D4FE7E2EF41}.Debug|Any CPU.ActiveCfg = Debug|Any CPU
		{ABA2CC23-A310-4BD3-AFDC-6D4FE7E2EF41}.Debug|Any CPU.Build.0 = Debug|Any CPU
		{ABA2CC23-A310-4BD3-AFDC-6D4FE7E2EF41}.Release|Any CPU.ActiveCfg = Release|Any CPU
		{ABA2CC23-A310-4BD3-AFDC-6D4FE7E2EF41}.Release|Any CPU.Build.0 = Release|Any CPU
		{C6F08185-F6C2-406A-8102-17283001BC2B}.Debug|Any CPU.ActiveCfg = Debug|Any CPU
		{C6F08185-F6C2-406A-8102-17283001BC2B}.Debug|Any CPU.Build.0 = Debug|Any CPU
		{C6F08185-F6C2-406A-8102-17283001BC2B}.Release|Any CPU.ActiveCfg = Release|Any CPU
		{C6F08185-F6C2-406A-8102-17283001BC2B}.Release|Any CPU.Build.0 = Release|Any CPU
		{E0AAD63F-6E62-452C-8110-F5CC72FB6842}.Debug|Any CPU.ActiveCfg = Debug|Any CPU
		{E0AAD63F-6E62-452C-8110-F5CC72FB6842}.Debug|Any CPU.Build.0 = Debug|Any CPU
		{E0AAD63F-6E62-452C-8110-F5CC72FB6842}.Release|Any CPU.ActiveCfg = Release|Any CPU
		{E0AAD63F-6E62-452C-8110-F5CC72FB6842}.Release|Any CPU.Build.0 = Release|Any CPU
	EndGlobalSection
EndGlobal
