
Microsoft Visual Studio Solution File, Format Version 12.00
# Visual Studio Version 16
VisualStudioVersion = 16.0.31829.152
MinimumVisualStudioVersion = 10.0.40219.1
Project("{FAE04EC0-301F-11D3-BF4B-00C04F79EFBC}") = "RekenTest.AndroidApp", "RekenTest.AndroidApp\RekenTest.AndroidApp.csproj", "{80419FEB-6324-40FE-BC00-9BC6B3120C4B}"
EndProject
Project("{FAE04EC0-301F-11D3-BF4B-00C04F79EFBC}") = "RekenTest.Common", "RekenTest.Common\RekenTest.Common.csproj", "{A6F0395D-2BB6-4B97-8F21-5B52409C277F}"
EndProject
Global
	GlobalSection(SolutionConfigurationPlatforms) = preSolution
		Debug|Any CPU = Debug|Any CPU
		Release|Any CPU = Release|Any CPU
	EndGlobalSection
	GlobalSection(ProjectConfigurationPlatforms) = postSolution
		{80419FEB-6324-40FE-BC00-9BC6B3120C4B}.Debug|Any CPU.ActiveCfg = Debug|Any CPU
		{80419FEB-6324-40FE-BC00-9BC6B3120C4B}.Debug|Any CPU.Build.0 = Debug|Any CPU
		{80419FEB-6324-40FE-BC00-9BC6B3120C4B}.Debug|Any CPU.Deploy.0 = Debug|Any CPU
		{80419FEB-6324-40FE-BC00-9BC6B3120C4B}.Release|Any CPU.ActiveCfg = Release|Any CPU
		{80419FEB-6324-40FE-BC00-9BC6B3120C4B}.Release|Any CPU.Build.0 = Release|Any CPU
		{80419FEB-6324-40FE-BC00-9BC6B3120C4B}.Release|Any CPU.Deploy.0 = Release|Any CPU
		{A6F0395D-2BB6-4B97-8F21-5B52409C277F}.Debug|Any CPU.ActiveCfg = Debug|Any CPU
		{A6F0395D-2BB6-4B97-8F21-5B52409C277F}.Debug|Any CPU.Build.0 = Debug|Any CPU
		{A6F0395D-2BB6-4B97-8F21-5B52409C277F}.Release|Any CPU.ActiveCfg = Release|Any CPU
		{A6F0395D-2BB6-4B97-8F21-5B52409C277F}.Release|Any CPU.Build.0 = Release|Any CPU
	EndGlobalSection
	GlobalSection(SolutionProperties) = preSolution
		HideSolutionNode = FALSE
	EndGlobalSection
	GlobalSection(ExtensibilityGlobals) = postSolution
		SolutionGuid = {F32C336B-B18B-489C-9579-F9C84E50727F}
	EndGlobalSection
EndGlobal
